
Microsoft Visual Studio Solution File, Format Version 12.00
# Visual Studio Version 17
VisualStudioVersion = 17.14.36221.1 d17.14
MinimumVisualStudioVersion = 10.0.40219.1
Project("{FAE04EC0-301F-11D3-BF4B-00C04F79EFBC}") = "Library", "Library\Library.csproj", "{6246E97B-27E4-46A2-957B-1BDA6F942570}"
EndProject
Global
	GlobalSection(SolutionConfigurationPlatforms) = preSolution
		Debug|Any CPU = Debug|Any CPU
		Release|Any CPU = Release|Any CPU
	EndGlobalSection
	GlobalSection(ProjectConfigurationPlatforms) = postSolution
		{6246E97B-27E4-46A2-957B-1BDA6F942570}.Debug|Any CPU.ActiveCfg = Debug|Any CPU
		{6246E97B-27E4-46A2-957B-1BDA6F942570}.Debug|Any CPU.Build.0 = Debug|Any CPU
		{6246E97B-27E4-46A2-957B-1BDA6F942570}.Release|Any CPU.ActiveCfg = Release|Any CPU
		{6246E97B-27E4-46A2-957B-1BDA6F942570}.Release|Any CPU.Build.0 = Release|Any CPU
	EndGlobalSection
	GlobalSection(SolutionProperties) = preSolution
		HideSolutionNode = FALSE
	EndGlobalSection
	GlobalSection(ExtensibilityGlobals) = postSolution
		SolutionGuid = {F9725ED2-209B-4870-BAD9-172F3B40D1C5}
	EndGlobalSection
EndGlobal
